
Microsoft Visual Studio Solution File, Format Version 12.00
# Visual Studio Version 17
VisualStudioVersion = 17.9.34622.214
MinimumVisualStudioVersion = 10.0.40219.1
Project("{FAE04EC0-301F-11D3-BF4B-00C04F79EFBC}") = "BlazorChatAppWASM.Server", "BlazorChatAppWASM\Server\BlazorChatAppWASM.Server.csproj", "{324956A2-E1FF-47EF-A0E5-CA47E6B382DE}"
EndProject
Project("{FAE04EC0-301F-11D3-BF4B-00C04F79EFBC}") = "BlazorChatAppWASM.Client", "BlazorChatAppWASM\Client\BlazorChatAppWASM.Client.csproj", "{92EEB1FA-28CF-4173-9812-64D789A65243}"
EndProject
Project("{FAE04EC0-301F-11D3-BF4B-00C04F79EFBC}") = "BlazorChatAppWASM.Shared", "BlazorChatAppWASM\Shared\BlazorChatAppWASM.Shared.csproj", "{127CEDB0-423D-4CF2-B61B-B25A3416324D}"
EndProject
Global
	GlobalSection(SolutionConfigurationPlatforms) = preSolution
		Debug|Any CPU = Debug|Any CPU
		Release|Any CPU = Release|Any CPU
	EndGlobalSection
	GlobalSection(ProjectConfigurationPlatforms) = postSolution
		{324956A2-E1FF-47EF-A0E5-CA47E6B382DE}.Debug|Any CPU.ActiveCfg = Debug|Any CPU
		{324956A2-E1FF-47EF-A0E5-CA47E6B382DE}.Debug|Any CPU.Build.0 = Debug|Any CPU
		{324956A2-E1FF-47EF-A0E5-CA47E6B382DE}.Release|Any CPU.ActiveCfg = Release|Any CPU
		{324956A2-E1FF-47EF-A0E5-CA47E6B382DE}.Release|Any CPU.Build.0 = Release|Any CPU
		{92EEB1FA-28CF-4173-9812-64D789A65243}.Debug|Any CPU.ActiveCfg = Debug|Any CPU
		{92EEB1FA-28CF-4173-9812-64D789A65243}.Debug|Any CPU.Build.0 = Debug|Any CPU
		{92EEB1FA-28CF-4173-9812-64D789A65243}.Release|Any CPU.ActiveCfg = Release|Any CPU
		{92EEB1FA-28CF-4173-9812-64D789A65243}.Release|Any CPU.Build.0 = Release|Any CPU
		{127CEDB0-423D-4CF2-B61B-B25A3416324D}.Debug|Any CPU.ActiveCfg = Debug|Any CPU
		{127CEDB0-423D-4CF2-B61B-B25A3416324D}.Debug|Any CPU.Build.0 = Debug|Any CPU
		{127CEDB0-423D-4CF2-B61B-B25A3416324D}.Release|Any CPU.ActiveCfg = Release|Any CPU
		{127CEDB0-423D-4CF2-B61B-B25A3416324D}.Release|Any CPU.Build.0 = Release|Any CPU
	EndGlobalSection
	GlobalSection(SolutionProperties) = preSolution
		HideSolutionNode = FALSE
	EndGlobalSection
	GlobalSection(ExtensibilityGlobals) = postSolution
		SolutionGuid = {2907CCD8-3789-4F98-84E4-EAFB3476AC68}
	EndGlobalSection
EndGlobal
